{
  "name": "muve",
  "version": "2.0.0",
  "lockfileVersion": 1,
  "requires": true,
  "dependencies": {
    "driven": {
      "version": "git+https://github.com/fwilkerson/driven.git#1f497e472776300a3131126e722698b1c71fae10",
      "from": "git+https://github.com/fwilkerson/driven.git",
      "dev": true
    },
    "kleur": {
      "version": "3.0.1",
      "resolved": "https://registry.npmjs.org/kleur/-/kleur-3.0.1.tgz",
      "integrity": "sha512-P3kRv+B+Ra070ng2VKQqW4qW7gd/v3iD8sy/zOdcYRsfiD+QBokQNOps/AfP6Hr48cBhIIBFWckB9aO+IZhrWg==",
      "dev": true
    }
  }
}
